
Microsoft Visual Studio Solution File, Format Version 11.00
# Visual Studio 2010
Project("{FAE04EC0-301F-11D3-BF4B-00C04F79EFBC}") = "Assembly-CSharp", "Assembly-CSharp.csproj", "{8B0F464A-74FF-5924-E334-FC64C854F7A6}"
EndProject
Project("{FAE04EC0-301F-11D3-BF4B-00C04F79EFBC}") = "Assembly-CSharp-Editor", "Assembly-CSharp-Editor.csproj", "{65799AA0-A486-8BE2-053C-8BFAE3C13AD9}"
EndProject
Global
	GlobalSection(SolutionConfigurationPlatforms) = preSolution
		Debug|Any CPU = Debug|Any CPU
		Release|Any CPU = Release|Any CPU
	EndGlobalSection
	GlobalSection(ProjectConfigurationPlatforms) = postSolution
		{8B0F464A-74FF-5924-E334-FC64C854F7A6}.Debug|Any CPU.ActiveCfg = Debug|Any CPU
		{8B0F464A-74FF-5924-E334-FC64C854F7A6}.Debug|Any CPU.Build.0 = Debug|Any CPU
		{8B0F464A-74FF-5924-E334-FC64C854F7A6}.Release|Any CPU.ActiveCfg = Release|Any CPU
		{8B0F464A-74FF-5924-E334-FC64C854F7A6}.Release|Any CPU.Build.0 = Release|Any CPU
		{65799AA0-A486-8BE2-053C-8BFAE3C13AD9}.Debug|Any CPU.ActiveCfg = Debug|Any CPU
		{65799AA0-A486-8BE2-053C-8BFAE3C13AD9}.Debug|Any CPU.Build.0 = Debug|Any CPU
		{65799AA0-A486-8BE2-053C-8BFAE3C13AD9}.Release|Any CPU.ActiveCfg = Release|Any CPU
		{65799AA0-A486-8BE2-053C-8BFAE3C13AD9}.Release|Any CPU.Build.0 = Release|Any CPU
	EndGlobalSection
	GlobalSection(SolutionProperties) = preSolution
		HideSolutionNode = FALSE
	EndGlobalSection
	GlobalSection(MonoDevelopProperties) = preSolution
		StartupItem = Assembly-CSharp.csproj
	EndGlobalSection
EndGlobal
